
Microsoft Visual Studio Solution File, Format Version 12.00
# Visual Studio 14
VisualStudioVersion = 14.0.25420.1
MinimumVisualStudioVersion = 10.0.40219.1
Project("{FAE04EC0-301F-11D3-BF4B-00C04F79EFBC}") = "RichSavilleCodeTest", "RichSavilleCodeTest\RichSavilleCodeTest\RichSavilleCodeTest.csproj", "{5F985FB7-58AF-45F6-B606-22DA0011551A}"
EndProject
Project("{FAE04EC0-301F-11D3-BF4B-00C04F79EFBC}") = "RichSavilleCodeTest.Droid", "RichSavilleCodeTest\RichSavilleCodeTest.Droid\RichSavilleCodeTest.Droid.csproj", "{9FC9BFB9-BAF2-4A07-B1C5-D62979D804E7}"
EndProject
Project("{FAE04EC0-301F-11D3-BF4B-00C04F79EFBC}") = "RichSavilleCodeTest.iOS", "RichSavilleCodeTest\RichSavilleCodeTest.iOS\RichSavilleCodeTest.iOS.csproj", "{62BE5AA0-C792-48BC-9E93-61627494258F}"
EndProject
Project("{FAE04EC0-301F-11D3-BF4B-00C04F79EFBC}") = "RichSavilleCodeTest.WinPhone", "RichSavilleCodeTest\RichSavilleCodeTest.WinPhone\RichSavilleCodeTest.WinPhone.csproj", "{CF4CA33F-0435-4986-8E7E-CAFC1E4DEEA5}"
EndProject
Project("{FAE04EC0-301F-11D3-BF4B-00C04F79EFBC}") = "RichSavilleCodeTest.UWP", "RichSavilleCodeTest\RichSavilleCodeTest.UWP\RichSavilleCodeTest.UWP.csproj", "{F13DA79A-77F2-4110-8964-29E40B437D97}"
EndProject
Project("{FAE04EC0-301F-11D3-BF4B-00C04F79EFBC}") = "RichSavilleCodeTest.Windows", "RichSavilleCodeTest\RichSavilleCodeTest.Windows\RichSavilleCodeTest.Windows.csproj", "{04890CC3-AE3A-4030-8009-FFA1F58EBD6C}"
EndProject
Global
	GlobalSection(SolutionConfigurationPlatforms) = preSolution
		Ad-Hoc|Any CPU = Ad-Hoc|Any CPU
		Ad-Hoc|ARM = Ad-Hoc|ARM
		Ad-Hoc|iPhone = Ad-Hoc|iPhone
		Ad-Hoc|iPhoneSimulator = Ad-Hoc|iPhoneSimulator
		Ad-Hoc|x64 = Ad-Hoc|x64
		Ad-Hoc|x86 = Ad-Hoc|x86
		AppStore|Any CPU = AppStore|Any CPU
		AppStore|ARM = AppStore|ARM
		AppStore|iPhone = AppStore|iPhone
		AppStore|iPhoneSimulator = AppStore|iPhoneSimulator
		AppStore|x64 = AppStore|x64
		AppStore|x86 = AppStore|x86
		Debug|Any CPU = Debug|Any CPU
		Debug|ARM = Debug|ARM
		Debug|iPhone = Debug|iPhone
		Debug|iPhoneSimulator = Debug|iPhoneSimulator
		Debug|x64 = Debug|x64
		Debug|x86 = Debug|x86
		Release|Any CPU = Release|Any CPU
		Release|ARM = Release|ARM
		Release|iPhone = Release|iPhone
		Release|iPhoneSimulator = Release|iPhoneSimulator
		Release|x64 = Release|x64
		Release|x86 = Release|x86
	EndGlobalSection
	GlobalSection(ProjectConfigurationPlatforms) = postSolution
		{5F985FB7-58AF-45F6-B606-22DA0011551A}.Ad-Hoc|Any CPU.ActiveCfg = Release|Any CPU
		{5F985FB7-58AF-45F6-B606-22DA0011551A}.Ad-Hoc|Any CPU.Build.0 = Release|Any CPU
		{5F985FB7-58AF-45F6-B606-22DA0011551A}.Ad-Hoc|ARM.ActiveCfg = Release|Any CPU
		{5F985FB7-58AF-45F6-B606-22DA0011551A}.Ad-Hoc|ARM.Build.0 = Release|Any CPU
		{5F985FB7-58AF-45F6-B606-22DA0011551A}.Ad-Hoc|iPhone.ActiveCfg = Release|Any CPU
		{5F985FB7-58AF-45F6-B606-22DA0011551A}.Ad-Hoc|iPhone.Build.0 = Release|Any CPU
		{5F985FB7-58AF-45F6-B606-22DA0011551A}.Ad-Hoc|iPhoneSimulator.ActiveCfg = Release|Any CPU
		{5F985FB7-58AF-45F6-B606-22DA0011551A}.Ad-Hoc|iPhoneSimulator.Build.0 = Release|Any CPU
		{5F985FB7-58AF-45F6-B606-22DA0011551A}.Ad-Hoc|x64.ActiveCfg = Release|Any CPU
		{5F985FB7-58AF-45F6-B606-22DA0011551A}.Ad-Hoc|x64.Build.0 = Release|Any CPU
		{5F985FB7-58AF-45F6-B606-22DA0011551A}.Ad-Hoc|x86.ActiveCfg = Release|Any CPU
		{5F985FB7-58AF-45F6-B606-22DA0011551A}.Ad-Hoc|x86.Build.0 = Release|Any CPU
		{5F985FB7-58AF-45F6-B606-22DA0011551A}.AppStore|Any CPU.ActiveCfg = Release|Any CPU
		{5F985FB7-58AF-45F6-B606-22DA0011551A}.AppStore|Any CPU.Build.0 = Release|Any CPU
		{5F985FB7-58AF-45F6-B606-22DA0011551A}.AppStore|ARM.ActiveCfg = Release|Any CPU
		{5F985FB7-58AF-45F6-B606-22DA0011551A}.AppStore|ARM.Build.0 = Release|Any CPU
		{5F985FB7-58AF-45F6-B606-22DA0011551A}.AppStore|iPhone.ActiveCfg = Release|Any CPU
		{5F985FB7-58AF-45F6-B606-22DA0011551A}.AppStore|iPhone.Build.0 = Release|Any CPU
		{5F985FB7-58AF-45F6-B606-22DA0011551A}.AppStore|iPhoneSimulator.ActiveCfg = Release|Any CPU
		{5F985FB7-58AF-45F6-B606-22DA0011551A}.AppStore|iPhoneSimulator.Build.0 = Release|Any CPU
		{5F985FB7-58AF-45F6-B606-22DA0011551A}.AppStore|x64.ActiveCfg = Release|Any CPU
		{5F985FB7-58AF-45F6-B606-22DA0011551A}.AppStore|x64.Build.0 = Release|Any CPU
		{5F985FB7-58AF-45F6-B606-22DA0011551A}.AppStore|x86.ActiveCfg = Release|Any CPU
		{5F985FB7-58AF-45F6-B606-22DA0011551A}.AppStore|x86.Build.0 = Release|Any CPU
		{5F985FB7-58AF-45F6-B606-22DA0011551A}.Debug|Any CPU.ActiveCfg = Debug|Any CPU
		{5F985FB7-58AF-45F6-B606-22DA0011551A}.Debug|Any CPU.Build.0 = Debug|Any CPU
		{5F985FB7-58AF-45F6-B606-22DA0011551A}.Debug|ARM.ActiveCfg = Debug|Any CPU
		{5F985FB7-58AF-45F6-B606-22DA0011551A}.Debug|ARM.Build.0 = Debug|Any CPU
		{5F985FB7-58AF-45F6-B606-22DA0011551A}.Debug|iPhone.ActiveCfg = Debug|Any CPU
		{5F985FB7-58AF-45F6-B606-22DA0011551A}.Debug|iPhone.Build.0 = Debug|Any CPU
		{5F985FB7-58AF-45F6-B606-22DA0011551A}.Debug|iPhoneSimulator.ActiveCfg = Debug|Any CPU
		{5F985FB7-58AF-45F6-B606-22DA0011551A}.Debug|iPhoneSimulator.Build.0 = Debug|Any CPU
		{5F985FB7-58AF-45F6-B606-22DA0011551A}.Debug|x64.ActiveCfg = Debug|Any CPU
		{5F985FB7-58AF-45F6-B606-22DA0011551A}.Debug|x64.Build.0 = Debug|Any CPU
		{5F985FB7-58AF-45F6-B606-22DA0011551A}.Debug|x86.ActiveCfg = Debug|Any CPU
		{5F985FB7-58AF-45F6-B606-22DA0011551A}.Debug|x86.Build.0 = Debug|Any CPU
		{5F985FB7-58AF-45F6-B606-22DA0011551A}.Release|Any CPU.ActiveCfg = Release|Any CPU
		{5F985FB7-58AF-45F6-B606-22DA0011551A}.Release|Any CPU.Build.0 = Release|Any CPU
		{5F985FB7-58AF-45F6-B606-22DA0011551A}.Release|ARM.ActiveCfg = Release|Any CPU
		{5F985FB7-58AF-45F6-B606-22DA0011551A}.Release|ARM.Build.0 = Release|Any CPU
		{5F985FB7-58AF-45F6-B606-22DA0011551A}.Release|iPhone.ActiveCfg = Release|Any CPU
		{5F985FB7-58AF-45F6-B606-22DA0011551A}.Release|iPhone.Build.0 = Release|Any CPU
		{5F985FB7-58AF-45F6-B606-22DA0011551A}.Release|iPhoneSimulator.ActiveCfg = Release|Any CPU
		{5F985FB7-58AF-45F6-B606-22DA0011551A}.Release|iPhoneSimulator.Build.0 = Release|Any CPU
		{5F985FB7-58AF-45F6-B606-22DA0011551A}.Release|x64.ActiveCfg = Release|Any CPU
		{5F985FB7-58AF-45F6-B606-22DA0011551A}.Release|x64.Build.0 = Release|Any CPU
		{5F985FB7-58AF-45F6-B606-22DA0011551A}.Release|x86.ActiveCfg = Release|Any CPU
		{5F985FB7-58AF-45F6-B606-22DA0011551A}.Release|x86.Build.0 = Release|Any CPU
		{9FC9BFB9-BAF2-4A07-B1C5-D62979D804E7}.Ad-Hoc|Any CPU.ActiveCfg = Release|Any CPU
		{9FC9BFB9-BAF2-4A07-B1C5-D62979D804E7}.Ad-Hoc|Any CPU.Build.0 = Release|Any CPU
		{9FC9BFB9-BAF2-4A07-B1C5-D62979D804E7}.Ad-Hoc|Any CPU.Deploy.0 = Release|Any CPU
		{9FC9BFB9-BAF2-4A07-B1C5-D62979D804E7}.Ad-Hoc|ARM.ActiveCfg = Release|Any CPU
		{9FC9BFB9-BAF2-4A07-B1C5-D62979D804E7}.Ad-Hoc|ARM.Build.0 = Release|Any CPU
		{9FC9BFB9-BAF2-4A07-B1C5-D62979D804E7}.Ad-Hoc|ARM.Deploy.0 = Release|Any CPU
		{9FC9BFB9-BAF2-4A07-B1C5-D62979D804E7}.Ad-Hoc|iPhone.ActiveCfg = Release|Any CPU
		{9FC9BFB9-BAF2-4A07-B1C5-D62979D804E7}.Ad-Hoc|iPhone.Build.0 = Release|Any CPU
		{9FC9BFB9-BAF2-4A07-B1C5-D62979D804E7}.Ad-Hoc|iPhone.Deploy.0 = Release|Any CPU
		{9FC9BFB9-BAF2-4A07-B1C5-D62979D804E7}.Ad-Hoc|iPhoneSimulator.ActiveCfg = Release|Any CPU
		{9FC9BFB9-BAF2-4A07-B1C5-D62979D804E7}.Ad-Hoc|iPhoneSimulator.Build.0 = Release|Any CPU
		{9FC9BFB9-BAF2-4A07-B1C5-D62979D804E7}.Ad-Hoc|iPhoneSimulator.Deploy.0 = Release|Any CPU
		{9FC9BFB9-BAF2-4A07-B1C5-D62979D804E7}.Ad-Hoc|x64.ActiveCfg = Release|Any CPU
		{9FC9BFB9-BAF2-4A07-B1C5-D62979D804E7}.Ad-Hoc|x64.Build.0 = Release|Any CPU
		{9FC9BFB9-BAF2-4A07-B1C5-D62979D804E7}.Ad-Hoc|x64.Deploy.0 = Release|Any CPU
		{9FC9BFB9-BAF2-4A07-B1C5-D62979D804E7}.Ad-Hoc|x86.ActiveCfg = Release|Any CPU
		{9FC9BFB9-BAF2-4A07-B1C5-D62979D804E7}.Ad-Hoc|x86.Build.0 = Release|Any CPU
		{9FC9BFB9-BAF2-4A07-B1C5-D62979D804E7}.Ad-Hoc|x86.Deploy.0 = Release|Any CPU
		{9FC9BFB9-BAF2-4A07-B1C5-D62979D804E7}.AppStore|Any CPU.ActiveCfg = Release|Any CPU
		{9FC9BFB9-BAF2-4A07-B1C5-D62979D804E7}.AppStore|Any CPU.Build.0 = Release|Any CPU
		{9FC9BFB9-BAF2-4A07-B1C5-D62979D804E7}.AppStore|Any CPU.Deploy.0 = Release|Any CPU
		{9FC9BFB9-BAF2-4A07-B1C5-D62979D804E7}.AppStore|ARM.ActiveCfg = Release|Any CPU
		{9FC9BFB9-BAF2-4A07-B1C5-D62979D804E7}.AppStore|ARM.Build.0 = Release|Any CPU
		{9FC9BFB9-BAF2-4A07-B1C5-D62979D804E7}.AppStore|ARM.Deploy.0 = Release|Any CPU
		{9FC9BFB9-BAF2-4A07-B1C5-D62979D804E7}.AppStore|iPhone.ActiveCfg = Release|Any CPU
		{9FC9BFB9-BAF2-4A07-B1C5-D62979D804E7}.AppStore|iPhone.Build.0 = Release|Any CPU
		{9FC9BFB9-BAF2-4A07-B1C5-D62979D804E7}.AppStore|iPhone.Deploy.0 = Release|Any CPU
		{9FC9BFB9-BAF2-4A07-B1C5-D62979D804E7}.AppStore|iPhoneSimulator.ActiveCfg = Release|Any CPU
		{9FC9BFB9-BAF2-4A07-B1C5-D62979D804E7}.AppStore|iPhoneSimulator.Build.0 = Release|Any CPU
		{9FC9BFB9-BAF2-4A07-B1C5-D62979D804E7}.AppStore|iPhoneSimulator.Deploy.0 = Release|Any CPU
		{9FC9BFB9-BAF2-4A07-B1C5-D62979D804E7}.AppStore|x64.ActiveCfg = Release|Any CPU
		{9FC9BFB9-BAF2-4A07-B1C5-D62979D804E7}.AppStore|x64.Build.0 = Release|Any CPU
		{9FC9BFB9-BAF2-4A07-B1C5-D62979D804E7}.AppStore|x64.Deploy.0 = Release|Any CPU
		{9FC9BFB9-BAF2-4A07-B1C5-D62979D804E7}.AppStore|x86.ActiveCfg = Release|Any CPU
		{9FC9BFB9-BAF2-4A07-B1C5-D62979D804E7}.AppStore|x86.Build.0 = Release|Any CPU
		{9FC9BFB9-BAF2-4A07-B1C5-D62979D804E7}.AppStore|x86.Deploy.0 = Release|Any CPU
		{9FC9BFB9-BAF2-4A07-B1C5-D62979D804E7}.Debug|Any CPU.ActiveCfg = Debug|Any CPU
		{9FC9BFB9-BAF2-4A07-B1C5-D62979D804E7}.Debug|Any CPU.Build.0 = Debug|Any CPU
		{9FC9BFB9-BAF2-4A07-B1C5-D62979D804E7}.Debug|Any CPU.Deploy.0 = Debug|Any CPU
		{9FC9BFB9-BAF2-4A07-B1C5-D62979D804E7}.Debug|ARM.ActiveCfg = Debug|Any CPU
		{9FC9BFB9-BAF2-4A07-B1C5-D62979D804E7}.Debug|ARM.Build.0 = Debug|Any CPU
		{9FC9BFB9-BAF2-4A07-B1C5-D62979D804E7}.Debug|ARM.Deploy.0 = Debug|Any CPU
		{9FC9BFB9-BAF2-4A07-B1C5-D62979D804E7}.Debug|iPhone.ActiveCfg = Debug|Any CPU
		{9FC9BFB9-BAF2-4A07-B1C5-D62979D804E7}.Debug|iPhone.Build.0 = Debug|Any CPU
		{9FC9BFB9-BAF2-4A07-B1C5-D62979D804E7}.Debug|iPhone.Deploy.0 = Debug|Any CPU
		{9FC9BFB9-BAF2-4A07-B1C5-D62979D804E7}.Debug|iPhoneSimulator.ActiveCfg = Debug|Any CPU
		{9FC9BFB9-BAF2-4A07-B1C5-D62979D804E7}.Debug|iPhoneSimulator.Build.0 = Debug|Any CPU
		{9FC9BFB9-BAF2-4A07-B1C5-D62979D804E7}.Debug|iPhoneSimulator.Deploy.0 = Debug|Any CPU
		{9FC9BFB9-BAF2-4A07-B1C5-D62979D804E7}.Debug|x64.ActiveCfg = Debug|Any CPU
		{9FC9BFB9-BAF2-4A07-B1C5-D62979D804E7}.Debug|x64.Build.0 = Debug|Any CPU
		{9FC9BFB9-BAF2-4A07-B1C5-D62979D804E7}.Debug|x64.Deploy.0 = Debug|Any CPU
		{9FC9BFB9-BAF2-4A07-B1C5-D62979D804E7}.Debug|x86.ActiveCfg = Debug|Any CPU
		{9FC9BFB9-BAF2-4A07-B1C5-D62979D804E7}.Debug|x86.Build.0 = Debug|Any CPU
		{9FC9BFB9-BAF2-4A07-B1C5-D62979D804E7}.Debug|x86.Deploy.0 = Debug|Any CPU
		{9FC9BFB9-BAF2-4A07-B1C5-D62979D804E7}.Release|Any CPU.ActiveCfg = Release|Any CPU
		{9FC9BFB9-BAF2-4A07-B1C5-D62979D804E7}.Release|Any CPU.Build.0 = Release|Any CPU
		{9FC9BFB9-BAF2-4A07-B1C5-D62979D804E7}.Release|Any CPU.Deploy.0 = Release|Any CPU
		{9FC9BFB9-BAF2-4A07-B1C5-D62979D804E7}.Release|ARM.ActiveCfg = Release|Any CPU
		{9FC9BFB9-BAF2-4A07-B1C5-D62979D804E7}.Release|ARM.Build.0 = Release|Any CPU
		{9FC9BFB9-BAF2-4A07-B1C5-D62979D804E7}.Release|ARM.Deploy.0 = Release|Any CPU
		{9FC9BFB9-BAF2-4A07-B1C5-D62979D804E7}.Release|iPhone.ActiveCfg = Release|Any CPU
		{9FC9BFB9-BAF2-4A07-B1C5-D62979D804E7}.Release|iPhone.Build.0 = Release|Any CPU
		{9FC9BFB9-BAF2-4A07-B1C5-D62979D804E7}.Release|iPhone.Deploy.0 = Release|Any CPU
		{9FC9BFB9-BAF2-4A07-B1C5-D62979D804E7}.Release|iPhoneSimulator.ActiveCfg = Release|Any CPU
		{9FC9BFB9-BAF2-4A07-B1C5-D62979D804E7}.Release|iPhoneSimulator.Build.0 = Release|Any CPU
		{9FC9BFB9-BAF2-4A07-B1C5-D62979D804E7}.Release|iPhoneSimulator.Deploy.0 = Release|Any CPU
		{9FC9BFB9-BAF2-4A07-B1C5-D62979D804E7}.Release|x64.ActiveCfg = Release|Any CPU
		{9FC9BFB9-BAF2-4A07-B1C5-D62979D804E7}.Release|x64.Build.0 = Release|Any CPU
		{9FC9BFB9-BAF2-4A07-B1C5-D62979D804E7}.Release|x64.Deploy.0 = Release|Any CPU
		{9FC9BFB9-BAF2-4A07-B1C5-D62979D804E7}.Release|x86.ActiveCfg = Release|Any CPU
		{9FC9BFB9-BAF2-4A07-B1C5-D62979D804E7}.Release|x86.Build.0 = Release|Any CPU
		{9FC9BFB9-BAF2-4A07-B1C5-D62979D804E7}.Release|x86.Deploy.0 = Release|Any CPU
		{62BE5AA0-C792-48BC-9E93-61627494258F}.Ad-Hoc|Any CPU.ActiveCfg = Ad-Hoc|iPhone
		{62BE5AA0-C792-48BC-9E93-61627494258F}.Ad-Hoc|ARM.ActiveCfg = Ad-Hoc|iPhone
		{62BE5AA0-C792-48BC-9E93-61627494258F}.Ad-Hoc|iPhone.ActiveCfg = Ad-Hoc|iPhone
		{62BE5AA0-C792-48BC-9E93-61627494258F}.Ad-Hoc|iPhone.Build.0 = Ad-Hoc|iPhone
		{62BE5AA0-C792-48BC-9E93-61627494258F}.Ad-Hoc|iPhoneSimulator.ActiveCfg = Ad-Hoc|iPhoneSimulator
		{62BE5AA0-C792-48BC-9E93-61627494258F}.Ad-Hoc|iPhoneSimulator.Build.0 = Ad-Hoc|iPhoneSimulator
		{62BE5AA0-C792-48BC-9E93-61627494258F}.Ad-Hoc|x64.ActiveCfg = Ad-Hoc|iPhone
		{62BE5AA0-C792-48BC-9E93-61627494258F}.Ad-Hoc|x86.ActiveCfg = Ad-Hoc|iPhone
		{62BE5AA0-C792-48BC-9E93-61627494258F}.AppStore|Any CPU.ActiveCfg = AppStore|iPhone
		{62BE5AA0-C792-48BC-9E93-61627494258F}.AppStore|ARM.ActiveCfg = AppStore|iPhone
		{62BE5AA0-C792-48BC-9E93-61627494258F}.AppStore|iPhone.ActiveCfg = AppStore|iPhone
		{62BE5AA0-C792-48BC-9E93-61627494258F}.AppStore|iPhone.Build.0 = AppStore|iPhone
		{62BE5AA0-C792-48BC-9E93-61627494258F}.AppStore|iPhoneSimulator.ActiveCfg = AppStore|iPhoneSimulator
		{62BE5AA0-C792-48BC-9E93-61627494258F}.AppStore|iPhoneSimulator.Build.0 = AppStore|iPhoneSimulator
		{62BE5AA0-C792-48BC-9E93-61627494258F}.AppStore|x64.ActiveCfg = AppStore|iPhone
		{62BE5AA0-C792-48BC-9E93-61627494258F}.AppStore|x86.ActiveCfg = AppStore|iPhone
		{62BE5AA0-C792-48BC-9E93-61627494258F}.Debug|Any CPU.ActiveCfg = Debug|iPhone
		{62BE5AA0-C792-48BC-9E93-61627494258F}.Debug|ARM.ActiveCfg = Debug|iPhone
		{62BE5AA0-C792-48BC-9E93-61627494258F}.Debug|iPhone.ActiveCfg = Debug|iPhone
		{62BE5AA0-C792-48BC-9E93-61627494258F}.Debug|iPhone.Build.0 = Debug|iPhone
		{62BE5AA0-C792-48BC-9E93-61627494258F}.Debug|iPhoneSimulator.ActiveCfg = Debug|iPhoneSimulator
		{62BE5AA0-C792-48BC-9E93-61627494258F}.Debug|iPhoneSimulator.Build.0 = Debug|iPhoneSimulator
		{62BE5AA0-C792-48BC-9E93-61627494258F}.Debug|x64.ActiveCfg = Debug|iPhone
		{62BE5AA0-C792-48BC-9E93-61627494258F}.Debug|x86.ActiveCfg = Debug|iPhone
		{62BE5AA0-C792-48BC-9E93-61627494258F}.Release|Any CPU.ActiveCfg = Release|iPhone
		{62BE5AA0-C792-48BC-9E93-61627494258F}.Release|ARM.ActiveCfg = Release|iPhone
		{62BE5AA0-C792-48BC-9E93-61627494258F}.Release|iPhone.ActiveCfg = Release|iPhone
		{62BE5AA0-C792-48BC-9E93-61627494258F}.Release|iPhone.Build.0 = Release|iPhone
		{62BE5AA0-C792-48BC-9E93-61627494258F}.Release|iPhoneSimulator.ActiveCfg = Release|iPhoneSimulator
		{62BE5AA0-C792-48BC-9E93-61627494258F}.Release|iPhoneSimulator.Build.0 = Release|iPhoneSimulator
		{62BE5AA0-C792-48BC-9E93-61627494258F}.Release|x64.ActiveCfg = Release|iPhone
		{62BE5AA0-C792-48BC-9E93-61627494258F}.Release|x86.ActiveCfg = Release|iPhone
		{CF4CA33F-0435-4986-8E7E-CAFC1E4DEEA5}.Ad-Hoc|Any CPU.ActiveCfg = Release|Any CPU
		{CF4CA33F-0435-4986-8E7E-CAFC1E4DEEA5}.Ad-Hoc|Any CPU.Build.0 = Release|Any CPU
		{CF4CA33F-0435-4986-8E7E-CAFC1E4DEEA5}.Ad-Hoc|Any CPU.Deploy.0 = Release|Any CPU
		{CF4CA33F-0435-4986-8E7E-CAFC1E4DEEA5}.Ad-Hoc|ARM.ActiveCfg = Release|ARM
		{CF4CA33F-0435-4986-8E7E-CAFC1E4DEEA5}.Ad-Hoc|ARM.Build.0 = Release|ARM
		{CF4CA33F-0435-4986-8E7E-CAFC1E4DEEA5}.Ad-Hoc|ARM.Deploy.0 = Release|ARM
		{CF4CA33F-0435-4986-8E7E-CAFC1E4DEEA5}.Ad-Hoc|iPhone.ActiveCfg = Release|Any CPU
		{CF4CA33F-0435-4986-8E7E-CAFC1E4DEEA5}.Ad-Hoc|iPhone.Build.0 = Release|Any CPU
		{CF4CA33F-0435-4986-8E7E-CAFC1E4DEEA5}.Ad-Hoc|iPhone.Deploy.0 = Release|Any CPU
		{CF4CA33F-0435-4986-8E7E-CAFC1E4DEEA5}.Ad-Hoc|iPhoneSimulator.ActiveCfg = Release|Any CPU
		{CF4CA33F-0435-4986-8E7E-CAFC1E4DEEA5}.Ad-Hoc|iPhoneSimulator.Build.0 = Release|Any CPU
		{CF4CA33F-0435-4986-8E7E-CAFC1E4DEEA5}.Ad-Hoc|iPhoneSimulator.Deploy.0 = Release|Any CPU
		{CF4CA33F-0435-4986-8E7E-CAFC1E4DEEA5}.Ad-Hoc|x64.ActiveCfg = Release|Any CPU
		{CF4CA33F-0435-4986-8E7E-CAFC1E4DEEA5}.Ad-Hoc|x64.Build.0 = Release|Any CPU
		{CF4CA33F-0435-4986-8E7E-CAFC1E4DEEA5}.Ad-Hoc|x64.Deploy.0 = Release|Any CPU
		{CF4CA33F-0435-4986-8E7E-CAFC1E4DEEA5}.Ad-Hoc|x86.ActiveCfg = Release|x86
		{CF4CA33F-0435-4986-8E7E-CAFC1E4DEEA5}.Ad-Hoc|x86.Build.0 = Release|x86
		{CF4CA33F-0435-4986-8E7E-CAFC1E4DEEA5}.Ad-Hoc|x86.Deploy.0 = Release|x86
		{CF4CA33F-0435-4986-8E7E-CAFC1E4DEEA5}.AppStore|Any CPU.ActiveCfg = Release|Any CPU
		{CF4CA33F-0435-4986-8E7E-CAFC1E4DEEA5}.AppStore|Any CPU.Build.0 = Release|Any CPU
		{CF4CA33F-0435-4986-8E7E-CAFC1E4DEEA5}.AppStore|Any CPU.Deploy.0 = Release|Any CPU
		{CF4CA33F-0435-4986-8E7E-CAFC1E4DEEA5}.AppStore|ARM.ActiveCfg = Release|ARM
		{CF4CA33F-0435-4986-8E7E-CAFC1E4DEEA5}.AppStore|ARM.Build.0 = Release|ARM
		{CF4CA33F-0435-4986-8E7E-CAFC1E4DEEA5}.AppStore|ARM.Deploy.0 = Release|ARM
		{CF4CA33F-0435-4986-8E7E-CAFC1E4DEEA5}.AppStore|iPhone.ActiveCfg = Release|Any CPU
		{CF4CA33F-0435-4986-8E7E-CAFC1E4DEEA5}.AppStore|iPhone.Build.0 = Release|Any CPU
		{CF4CA33F-0435-4986-8E7E-CAFC1E4DEEA5}.AppStore|iPhone.Deploy.0 = Release|Any CPU
		{CF4CA33F-0435-4986-8E7E-CAFC1E4DEEA5}.AppStore|iPhoneSimulator.ActiveCfg = Release|Any CPU
		{CF4CA33F-0435-4986-8E7E-CAFC1E4DEEA5}.AppStore|iPhoneSimulator.Build.0 = Release|Any CPU
		{CF4CA33F-0435-4986-8E7E-CAFC1E4DEEA5}.AppStore|iPhoneSimulator.Deploy.0 = Release|Any CPU
		{CF4CA33F-0435-4986-8E7E-CAFC1E4DEEA5}.AppStore|x64.ActiveCfg = Release|Any CPU
		{CF4CA33F-0435-4986-8E7E-CAFC1E4DEEA5}.AppStore|x64.Build.0 = Release|Any CPU
		{CF4CA33F-0435-4986-8E7E-CAFC1E4DEEA5}.AppStore|x64.Deploy.0 = Release|Any CPU
		{CF4CA33F-0435-4986-8E7E-CAFC1E4DEEA5}.AppStore|x86.ActiveCfg = Release|x86
		{CF4CA33F-0435-4986-8E7E-CAFC1E4DEEA5}.AppStore|x86.Build.0 = Release|x86
		{CF4CA33F-0435-4986-8E7E-CAFC1E4DEEA5}.AppStore|x86.Deploy.0 = Release|x86
		{CF4CA33F-0435-4986-8E7E-CAFC1E4DEEA5}.Debug|Any CPU.ActiveCfg = Debug|Any CPU
		{CF4CA33F-0435-4986-8E7E-CAFC1E4DEEA5}.Debug|Any CPU.Build.0 = Debug|Any CPU
		{CF4CA33F-0435-4986-8E7E-CAFC1E4DEEA5}.Debug|Any CPU.Deploy.0 = Debug|Any CPU
		{CF4CA33F-0435-4986-8E7E-CAFC1E4DEEA5}.Debug|ARM.ActiveCfg = Debug|ARM
		{CF4CA33F-0435-4986-8E7E-CAFC1E4DEEA5}.Debug|ARM.Build.0 = Debug|ARM
		{CF4CA33F-0435-4986-8E7E-CAFC1E4DEEA5}.Debug|ARM.Deploy.0 = Debug|ARM
		{CF4CA33F-0435-4986-8E7E-CAFC1E4DEEA5}.Debug|iPhone.ActiveCfg = Debug|Any CPU
		{CF4CA33F-0435-4986-8E7E-CAFC1E4DEEA5}.Debug|iPhone.Build.0 = Debug|Any CPU
		{CF4CA33F-0435-4986-8E7E-CAFC1E4DEEA5}.Debug|iPhone.Deploy.0 = Debug|Any CPU
		{CF4CA33F-0435-4986-8E7E-CAFC1E4DEEA5}.Debug|iPhoneSimulator.ActiveCfg = Debug|Any CPU
		{CF4CA33F-0435-4986-8E7E-CAFC1E4DEEA5}.Debug|iPhoneSimulator.Build.0 = Debug|Any CPU
		{CF4CA33F-0435-4986-8E7E-CAFC1E4DEEA5}.Debug|iPhoneSimulator.Deploy.0 = Debug|Any CPU
		{CF4CA33F-0435-4986-8E7E-CAFC1E4DEEA5}.Debug|x64.ActiveCfg = Debug|Any CPU
		{CF4CA33F-0435-4986-8E7E-CAFC1E4DEEA5}.Debug|x64.Build.0 = Debug|Any CPU
		{CF4CA33F-0435-4986-8E7E-CAFC1E4DEEA5}.Debug|x64.Deploy.0 = Debug|Any CPU
		{CF4CA33F-0435-4986-8E7E-CAFC1E4DEEA5}.Debug|x86.ActiveCfg = Debug|x86
		{CF4CA33F-0435-4986-8E7E-CAFC1E4DEEA5}.Debug|x86.Build.0 = Debug|x86
		{CF4CA33F-0435-4986-8E7E-CAFC1E4DEEA5}.Debug|x86.Deploy.0 = Debug|x86
		{CF4CA33F-0435-4986-8E7E-CAFC1E4DEEA5}.Release|Any CPU.ActiveCfg = Release|Any CPU
		{CF4CA33F-0435-4986-8E7E-CAFC1E4DEEA5}.Release|Any CPU.Build.0 = Release|Any CPU
		{CF4CA33F-0435-4986-8E7E-CAFC1E4DEEA5}.Release|Any CPU.Deploy.0 = Release|Any CPU
		{CF4CA33F-0435-4986-8E7E-CAFC1E4DEEA5}.Release|ARM.ActiveCfg = Release|ARM
		{CF4CA33F-0435-4986-8E7E-CAFC1E4DEEA5}.Release|ARM.Build.0 = Release|ARM
		{CF4CA33F-0435-4986-8E7E-CAFC1E4DEEA5}.Release|ARM.Deploy.0 = Release|ARM
		{CF4CA33F-0435-4986-8E7E-CAFC1E4DEEA5}.Release|iPhone.ActiveCfg = Release|Any CPU
		{CF4CA33F-0435-4986-8E7E-CAFC1E4DEEA5}.Release|iPhone.Build.0 = Release|Any CPU
		{CF4CA33F-0435-4986-8E7E-CAFC1E4DEEA5}.Release|iPhone.Deploy.0 = Release|Any CPU
		{CF4CA33F-0435-4986-8E7E-CAFC1E4DEEA5}.Release|iPhoneSimulator.ActiveCfg = Release|Any CPU
		{CF4CA33F-0435-4986-8E7E-CAFC1E4DEEA5}.Release|iPhoneSimulator.Build.0 = Release|Any CPU
		{CF4CA33F-0435-4986-8E7E-CAFC1E4DEEA5}.Release|iPhoneSimulator.Deploy.0 = Release|Any CPU
		{CF4CA33F-0435-4986-8E7E-CAFC1E4DEEA5}.Release|x64.ActiveCfg = Release|Any CPU
		{CF4CA33F-0435-4986-8E7E-CAFC1E4DEEA5}.Release|x64.Build.0 = Release|Any CPU
		{CF4CA33F-0435-4986-8E7E-CAFC1E4DEEA5}.Release|x64.Deploy.0 = Release|Any CPU
		{CF4CA33F-0435-4986-8E7E-CAFC1E4DEEA5}.Release|x86.ActiveCfg = Release|x86
		{CF4CA33F-0435-4986-8E7E-CAFC1E4DEEA5}.Release|x86.Build.0 = Release|x86
		{CF4CA33F-0435-4986-8E7E-CAFC1E4DEEA5}.Release|x86.Deploy.0 = Release|x86
		{F13DA79A-77F2-4110-8964-29E40B437D97}.Ad-Hoc|Any CPU.ActiveCfg = Release|x86
		{F13DA79A-77F2-4110-8964-29E40B437D97}.Ad-Hoc|Any CPU.Build.0 = Release|x86
		{F13DA79A-77F2-4110-8964-29E40B437D97}.Ad-Hoc|Any CPU.Deploy.0 = Release|x86
		{F13DA79A-77F2-4110-8964-29E40B437D97}.Ad-Hoc|ARM.ActiveCfg = Release|ARM
		{F13DA79A-77F2-4110-8964-29E40B437D97}.Ad-Hoc|ARM.Build.0 = Release|ARM
		{F13DA79A-77F2-4110-8964-29E40B437D97}.Ad-Hoc|ARM.Deploy.0 = Release|ARM
		{F13DA79A-77F2-4110-8964-29E40B437D97}.Ad-Hoc|iPhone.ActiveCfg = Release|x86
		{F13DA79A-77F2-4110-8964-29E40B437D97}.Ad-Hoc|iPhone.Build.0 = Release|x86
		{F13DA79A-77F2-4110-8964-29E40B437D97}.Ad-Hoc|iPhone.Deploy.0 = Release|x86
		{F13DA79A-77F2-4110-8964-29E40B437D97}.Ad-Hoc|iPhoneSimulator.ActiveCfg = Release|x86
		{F13DA79A-77F2-4110-8964-29E40B437D97}.Ad-Hoc|iPhoneSimulator.Build.0 = Release|x86
		{F13DA79A-77F2-4110-8964-29E40B437D97}.Ad-Hoc|iPhoneSimulator.Deploy.0 = Release|x86
		{F13DA79A-77F2-4110-8964-29E40B437D97}.Ad-Hoc|x64.ActiveCfg = Release|x64
		{F13DA79A-77F2-4110-8964-29E40B437D97}.Ad-Hoc|x64.Build.0 = Release|x64
		{F13DA79A-77F2-4110-8964-29E40B437D97}.Ad-Hoc|x64.Deploy.0 = Release|x64
		{F13DA79A-77F2-4110-8964-29E40B437D97}.Ad-Hoc|x86.ActiveCfg = Release|x86
		{F13DA79A-77F2-4110-8964-29E40B437D97}.Ad-Hoc|x86.Build.0 = Release|x86
		{F13DA79A-77F2-4110-8964-29E40B437D97}.Ad-Hoc|x86.Deploy.0 = Release|x86
		{F13DA79A-77F2-4110-8964-29E40B437D97}.AppStore|Any CPU.ActiveCfg = Release|x86
		{F13DA79A-77F2-4110-8964-29E40B437D97}.AppStore|Any CPU.Build.0 = Release|x86
		{F13DA79A-77F2-4110-8964-29E40B437D97}.AppStore|Any CPU.Deploy.0 = Release|x86
		{F13DA79A-77F2-4110-8964-29E40B437D97}.AppStore|ARM.ActiveCfg = Release|ARM
		{F13DA79A-77F2-4110-8964-29E40B437D97}.AppStore|ARM.Build.0 = Release|ARM
		{F13DA79A-77F2-4110-8964-29E40B437D97}.AppStore|ARM.Deploy.0 = Release|ARM
		{F13DA79A-77F2-4110-8964-29E40B437D97}.AppStore|iPhone.ActiveCfg = Release|x86
		{F13DA79A-77F2-4110-8964-29E40B437D97}.AppStore|iPhone.Build.0 = Release|x86
		{F13DA79A-77F2-4110-8964-29E40B437D97}.AppStore|iPhone.Deploy.0 = Release|x86
		{F13DA79A-77F2-4110-8964-29E40B437D97}.AppStore|iPhoneSimulator.ActiveCfg = Release|x86
		{F13DA79A-77F2-4110-8964-29E40B437D97}.AppStore|iPhoneSimulator.Build.0 = Release|x86
		{F13DA79A-77F2-4110-8964-29E40B437D97}.AppStore|iPhoneSimulator.Deploy.0 = Release|x86
		{F13DA79A-77F2-4110-8964-29E40B437D97}.AppStore|x64.ActiveCfg = Release|x64
		{F13DA79A-77F2-4110-8964-29E40B437D97}.AppStore|x64.Build.0 = Release|x64
		{F13DA79A-77F2-4110-8964-29E40B437D97}.AppStore|x64.Deploy.0 = Release|x64
		{F13DA79A-77F2-4110-8964-29E40B437D97}.AppStore|x86.ActiveCfg = Release|x86
		{F13DA79A-77F2-4110-8964-29E40B437D97}.AppStore|x86.Build.0 = Release|x86
		{F13DA79A-77F2-4110-8964-29E40B437D97}.AppStore|x86.Deploy.0 = Release|x86
		{F13DA79A-77F2-4110-8964-29E40B437D97}.Debug|Any CPU.ActiveCfg = Debug|x86
		{F13DA79A-77F2-4110-8964-29E40B437D97}.Debug|ARM.ActiveCfg = Debug|ARM
		{F13DA79A-77F2-4110-8964-29E40B437D97}.Debug|ARM.Build.0 = Debug|ARM
		{F13DA79A-77F2-4110-8964-29E40B437D97}.Debug|ARM.Deploy.0 = Debug|ARM
		{F13DA79A-77F2-4110-8964-29E40B437D97}.Debug|iPhone.ActiveCfg = Debug|x86
		{F13DA79A-77F2-4110-8964-29E40B437D97}.Debug|iPhoneSimulator.ActiveCfg = Debug|x86
		{F13DA79A-77F2-4110-8964-29E40B437D97}.Debug|x64.ActiveCfg = Debug|x64
		{F13DA79A-77F2-4110-8964-29E40B437D97}.Debug|x64.Build.0 = Debug|x64
		{F13DA79A-77F2-4110-8964-29E40B437D97}.Debug|x64.Deploy.0 = Debug|x64
		{F13DA79A-77F2-4110-8964-29E40B437D97}.Debug|x86.ActiveCfg = Debug|x86
		{F13DA79A-77F2-4110-8964-29E40B437D97}.Debug|x86.Build.0 = Debug|x86
		{F13DA79A-77F2-4110-8964-29E40B437D97}.Debug|x86.Deploy.0 = Debug|x86
		{F13DA79A-77F2-4110-8964-29E40B437D97}.Release|Any CPU.ActiveCfg = Release|x86
		{F13DA79A-77F2-4110-8964-29E40B437D97}.Release|ARM.ActiveCfg = Release|ARM
		{F13DA79A-77F2-4110-8964-29E40B437D97}.Release|ARM.Build.0 = Release|ARM
		{F13DA79A-77F2-4110-8964-29E40B437D97}.Release|ARM.Deploy.0 = Release|ARM
		{F13DA79A-77F2-4110-8964-29E40B437D97}.Release|iPhone.ActiveCfg = Release|x86
		{F13DA79A-77F2-4110-8964-29E40B437D97}.Release|iPhoneSimulator.ActiveCfg = Release|x86
		{F13DA79A-77F2-4110-8964-29E40B437D97}.Release|x64.ActiveCfg = Release|x64
		{F13DA79A-77F2-4110-8964-29E40B437D97}.Release|x64.Build.0 = Release|x64
		{F13DA79A-77F2-4110-8964-29E40B437D97}.Release|x64.Deploy.0 = Release|x64
		{F13DA79A-77F2-4110-8964-29E40B437D97}.Release|x86.ActiveCfg = Release|x86
		{F13DA79A-77F2-4110-8964-29E40B437D97}.Release|x86.Build.0 = Release|x86
		{F13DA79A-77F2-4110-8964-29E40B437D97}.Release|x86.Deploy.0 = Release|x86
		{04890CC3-AE3A-4030-8009-FFA1F58EBD6C}.Ad-Hoc|Any CPU.ActiveCfg = Release|Any CPU
		{04890CC3-AE3A-4030-8009-FFA1F58EBD6C}.Ad-Hoc|Any CPU.Build.0 = Release|Any CPU
		{04890CC3-AE3A-4030-8009-FFA1F58EBD6C}.Ad-Hoc|Any CPU.Deploy.0 = Release|Any CPU
		{04890CC3-AE3A-4030-8009-FFA1F58EBD6C}.Ad-Hoc|ARM.ActiveCfg = Release|ARM
		{04890CC3-AE3A-4030-8009-FFA1F58EBD6C}.Ad-Hoc|ARM.Build.0 = Release|ARM
		{04890CC3-AE3A-4030-8009-FFA1F58EBD6C}.Ad-Hoc|ARM.Deploy.0 = Release|ARM
		{04890CC3-AE3A-4030-8009-FFA1F58EBD6C}.Ad-Hoc|iPhone.ActiveCfg = Release|Any CPU
		{04890CC3-AE3A-4030-8009-FFA1F58EBD6C}.Ad-Hoc|iPhone.Build.0 = Release|Any CPU
		{04890CC3-AE3A-4030-8009-FFA1F58EBD6C}.Ad-Hoc|iPhone.Deploy.0 = Release|Any CPU
		{04890CC3-AE3A-4030-8009-FFA1F58EBD6C}.Ad-Hoc|iPhoneSimulator.ActiveCfg = Release|Any CPU
		{04890CC3-AE3A-4030-8009-FFA1F58EBD6C}.Ad-Hoc|iPhoneSimulator.Build.0 = Release|Any CPU
		{04890CC3-AE3A-4030-8009-FFA1F58EBD6C}.Ad-Hoc|iPhoneSimulator.Deploy.0 = Release|Any CPU
		{04890CC3-AE3A-4030-8009-FFA1F58EBD6C}.Ad-Hoc|x64.ActiveCfg = Release|x64
		{04890CC3-AE3A-4030-8009-FFA1F58EBD6C}.Ad-Hoc|x64.Build.0 = Release|x64
		{04890CC3-AE3A-4030-8009-FFA1F58EBD6C}.Ad-Hoc|x64.Deploy.0 = Release|x64
		{04890CC3-AE3A-4030-8009-FFA1F58EBD6C}.Ad-Hoc|x86.ActiveCfg = Release|x86
		{04890CC3-AE3A-4030-8009-FFA1F58EBD6C}.Ad-Hoc|x86.Build.0 = Release|x86
		{04890CC3-AE3A-4030-8009-FFA1F58EBD6C}.Ad-Hoc|x86.Deploy.0 = Release|x86
		{04890CC3-AE3A-4030-8009-FFA1F58EBD6C}.AppStore|Any CPU.ActiveCfg = Release|Any CPU
		{04890CC3-AE3A-4030-8009-FFA1F58EBD6C}.AppStore|Any CPU.Build.0 = Release|Any CPU
		{04890CC3-AE3A-4030-8009-FFA1F58EBD6C}.AppStore|Any CPU.Deploy.0 = Release|Any CPU
		{04890CC3-AE3A-4030-8009-FFA1F58EBD6C}.AppStore|ARM.ActiveCfg = Release|ARM
		{04890CC3-AE3A-4030-8009-FFA1F58EBD6C}.AppStore|ARM.Build.0 = Release|ARM
		{04890CC3-AE3A-4030-8009-FFA1F58EBD6C}.AppStore|ARM.Deploy.0 = Release|ARM
		{04890CC3-AE3A-4030-8009-FFA1F58EBD6C}.AppStore|iPhone.ActiveCfg = Release|Any CPU
		{04890CC3-AE3A-4030-8009-FFA1F58EBD6C}.AppStore|iPhone.Build.0 = Release|Any CPU
		{04890CC3-AE3A-4030-8009-FFA1F58EBD6C}.AppStore|iPhone.Deploy.0 = Release|Any CPU
		{04890CC3-AE3A-4030-8009-FFA1F58EBD6C}.AppStore|iPhoneSimulator.ActiveCfg = Release|Any CPU
		{04890CC3-AE3A-4030-8009-FFA1F58EBD6C}.AppStore|iPhoneSimulator.Build.0 = Release|Any CPU
		{04890CC3-AE3A-4030-8009-FFA1F58EBD6C}.AppStore|iPhoneSimulator.Deploy.0 = Release|Any CPU
		{04890CC3-AE3A-4030-8009-FFA1F58EBD6C}.AppStore|x64.ActiveCfg = Release|x64
		{04890CC3-AE3A-4030-8009-FFA1F58EBD6C}.AppStore|x64.Build.0 = Release|x64
		{04890CC3-AE3A-4030-8009-FFA1F58EBD6C}.AppStore|x64.Deploy.0 = Release|x64
		{04890CC3-AE3A-4030-8009-FFA1F58EBD6C}.AppStore|x86.ActiveCfg = Release|x86
		{04890CC3-AE3A-4030-8009-FFA1F58EBD6C}.AppStore|x86.Build.0 = Release|x86
		{04890CC3-AE3A-4030-8009-FFA1F58EBD6C}.AppStore|x86.Deploy.0 = Release|x86
		{04890CC3-AE3A-4030-8009-FFA1F58EBD6C}.Debug|Any CPU.ActiveCfg = Debug|Any CPU
		{04890CC3-AE3A-4030-8009-FFA1F58EBD6C}.Debug|Any CPU.Build.0 = Debug|Any CPU
		{04890CC3-AE3A-4030-8009-FFA1F58EBD6C}.Debug|Any CPU.Deploy.0 = Debug|Any CPU
		{04890CC3-AE3A-4030-8009-FFA1F58EBD6C}.Debug|ARM.ActiveCfg = Debug|ARM
		{04890CC3-AE3A-4030-8009-FFA1F58EBD6C}.Debug|ARM.Build.0 = Debug|ARM
		{04890CC3-AE3A-4030-8009-FFA1F58EBD6C}.Debug|ARM.Deploy.0 = Debug|ARM
		{04890CC3-AE3A-4030-8009-FFA1F58EBD6C}.Debug|iPhone.ActiveCfg = Debug|Any CPU
		{04890CC3-AE3A-4030-8009-FFA1F58EBD6C}.Debug|iPhone.Build.0 = Debug|Any CPU
		{04890CC3-AE3A-4030-8009-FFA1F58EBD6C}.Debug|iPhone.Deploy.0 = Debug|Any CPU
		{04890CC3-AE3A-4030-8009-FFA1F58EBD6C}.Debug|iPhoneSimulator.ActiveCfg = Debug|Any CPU
		{04890CC3-AE3A-4030-8009-FFA1F58EBD6C}.Debug|iPhoneSimulator.Build.0 = Debug|Any CPU
		{04890CC3-AE3A-4030-8009-FFA1F58EBD6C}.Debug|iPhoneSimulator.Deploy.0 = Debug|Any CPU
		{04890CC3-AE3A-4030-8009-FFA1F58EBD6C}.Debug|x64.ActiveCfg = Debug|x64
		{04890CC3-AE3A-4030-8009-FFA1F58EBD6C}.Debug|x64.Build.0 = Debug|x64
		{04890CC3-AE3A-4030-8009-FFA1F58EBD6C}.Debug|x64.Deploy.0 = Debug|x64
		{04890CC3-AE3A-4030-8009-FFA1F58EBD6C}.Debug|x86.ActiveCfg = Debug|x86
		{04890CC3-AE3A-4030-8009-FFA1F58EBD6C}.Debug|x86.Build.0 = Debug|x86
		{04890CC3-AE3A-4030-8009-FFA1F58EBD6C}.Debug|x86.Deploy.0 = Debug|x86
		{04890CC3-AE3A-4030-8009-FFA1F58EBD6C}.Release|Any CPU.ActiveCfg = Release|Any CPU
		{04890CC3-AE3A-4030-8009-FFA1F58EBD6C}.Release|Any CPU.Build.0 = Release|Any CPU
		{04890CC3-AE3A-4030-8009-FFA1F58EBD6C}.Release|Any CPU.Deploy.0 = Release|Any CPU
		{04890CC3-AE3A-4030-8009-FFA1F58EBD6C}.Release|ARM.ActiveCfg = Release|ARM
		{04890CC3-AE3A-4030-8009-FFA1F58EBD6C}.Release|ARM.Build.0 = Release|ARM
		{04890CC3-AE3A-4030-8009-FFA1F58EBD6C}.Release|ARM.Deploy.0 = Release|ARM
		{04890CC3-AE3A-4030-8009-FFA1F58EBD6C}.Release|iPhone.ActiveCfg = Release|Any CPU
		{04890CC3-AE3A-4030-8009-FFA1F58EBD6C}.Release|iPhone.Build.0 = Release|Any CPU
		{04890CC3-AE3A-4030-8009-FFA1F58EBD6C}.Release|iPhone.Deploy.0 = Release|Any CPU
		{04890CC3-AE3A-4030-8009-FFA1F58EBD6C}.Release|iPhoneSimulator.ActiveCfg = Release|Any CPU
		{04890CC3-AE3A-4030-8009-FFA1F58EBD6C}.Release|iPhoneSimulator.Build.0 = Release|Any CPU
		{04890CC3-AE3A-4030-8009-FFA1F58EBD6C}.Release|iPhoneSimulator.Deploy.0 = Release|Any CPU
		{04890CC3-AE3A-4030-8009-FFA1F58EBD6C}.Release|x64.ActiveCfg = Release|x64
		{04890CC3-AE3A-4030-8009-FFA1F58EBD6C}.Release|x64.Build.0 = Release|x64
		{04890CC3-AE3A-4030-8009-FFA1F58EBD6C}.Release|x64.Deploy.0 = Release|x64
		{04890CC3-AE3A-4030-8009-FFA1F58EBD6C}.Release|x86.ActiveCfg = Release|x86
		{04890CC3-AE3A-4030-8009-FFA1F58EBD6C}.Release|x86.Build.0 = Release|x86
		{04890CC3-AE3A-4030-8009-FFA1F58EBD6C}.Release|x86.Deploy.0 = Release|x86
	EndGlobalSection
	GlobalSection(SolutionProperties) = preSolution
		HideSolutionNode = FALSE
	EndGlobalSection
EndGlobal
